
Microsoft Visual Studio Solution File, Format Version 12.00
# Visual Studio Version 17
VisualStudioVersion = 17.9.34728.123
MinimumVisualStudioVersion = 10.0.40219.1
Project("{8BC9CEB8-8B4A-11D0-8D11-00A0C91BC942}") = "cpp_hw4", "cpp_hw4\cpp_hw4.vcxproj", "{2BA29B22-1E94-41E5-9558-69E9C81849DB}"
EndProject
Global
	GlobalSection(SolutionConfigurationPlatforms) = preSolution
		Debug|x64 = Debug|x64
		Debug|x86 = Debug|x86
		Release|x64 = Release|x64
		Release|x86 = Release|x86
	EndGlobalSection
	GlobalSection(ProjectConfigurationPlatforms) = postSolution
		{2BA29B22-1E94-41E5-9558-69E9C81849DB}.Debug|x64.ActiveCfg = Debug|x64
		{2BA29B22-1E94-41E5-9558-69E9C81849DB}.Debug|x64.Build.0 = Debug|x64
		{2BA29B22-1E94-41E5-9558-69E9C81849DB}.Debug|x86.ActiveCfg = Debug|Win32
		{2BA29B22-1E94-41E5-9558-69E9C81849DB}.Debug|x86.Build.0 = Debug|Win32
		{2BA29B22-1E94-41E5-9558-69E9C81849DB}.Release|x64.ActiveCfg = Release|x64
		{2BA29B22-1E94-41E5-9558-69E9C81849DB}.Release|x64.Build.0 = Release|x64
		{2BA29B22-1E94-41E5-9558-69E9C81849DB}.Release|x86.ActiveCfg = Release|Win32
		{2BA29B22-1E94-41E5-9558-69E9C81849DB}.Release|x86.Build.0 = Release|Win32
	EndGlobalSection
	GlobalSection(SolutionProperties) = preSolution
		HideSolutionNode = FALSE
	EndGlobalSection
	GlobalSection(ExtensibilityGlobals) = postSolution
		SolutionGuid = {D3046797-DB85-4F81-A580-AC1DA3C99192}
	EndGlobalSection
EndGlobal
